GEM
  remote: https://rubygems.org/
  specs:
    aws-eventstream (1.4.0)
    aws-partitions (1.1240.0)
    aws-sdk-core (3.245.0)
      aws-eventstream (~> 1, >= 1.3.0)
      aws-partitions (~> 1, >= 1.992.0)
      aws-sigv4 (~> 1.9)
      base64
      bigdecimal
      jmespath (~> 1, >= 1.6.1)
      logger
    aws-sdk-kms (1.123.0)
      aws-sdk-core (~> 3, >= 3.244.0)
      aws-sigv4 (~> 1.5)
    aws-sdk-s3 (1.220.0)
      aws-sdk-core (~> 3, >= 3.244.0)
      aws-sdk-kms (~> 1)
      aws-sigv4 (~> 1.5)
    aws-sigv4 (1.12.1)
      aws-eventstream (~> 1, >= 1.0.2)
    base64 (0.3.0)
    bigdecimal (4.1.2)
    google-protobuf (4.34.1)
      bigdecimal
      rake (~> 13.3)
    google-protobuf (4.34.1-aarch64-linux-gnu)
      bigdecimal
      rake (~> 13.3)
    google-protobuf (4.34.1-aarch64-linux-musl)
      bigdecimal
      rake (~> 13.3)
    google-protobuf (4.34.1-arm64-darwin)
      bigdecimal
      rake (~> 13.3)
    google-protobuf (4.34.1-x86-linux-gnu)
      bigdecimal
      rake (~> 13.3)
    google-protobuf (4.34.1-x86-linux-musl)
      bigdecimal
      rake (~> 13.3)
    google-protobuf (4.34.1-x86_64-darwin)
      bigdecimal
      rake (~> 13.3)
    google-protobuf (4.34.1-x86_64-linux-gnu)
      bigdecimal
      rake (~> 13.3)
    google-protobuf (4.34.1-x86_64-linux-musl)
      bigdecimal
      rake (~> 13.3)
    googleapis-common-protos-types (1.22.0)
      google-protobuf (~> 4.26)
    jmespath (1.6.2)
    logger (1.7.0)
    opentelemetry-api (1.9.0)
      logger
    opentelemetry-common (0.24.0)
      opentelemetry-api (~> 1.0)
    opentelemetry-exporter-otlp (0.33.0)
      google-protobuf (>= 3.18)
      googleapis-common-protos-types (~> 1.3)
      opentelemetry-api (~> 1.1)
      opentelemetry-common (~> 0.20)
      opentelemetry-sdk (~> 1.10)
      opentelemetry-semantic_conventions
    opentelemetry-instrumentation-aws_lambda (0.7.0)
      opentelemetry-instrumentation-base (~> 0.25)
    opentelemetry-instrumentation-aws_sdk (0.12.0)
      opentelemetry-instrumentation-base (~> 0.25)
    opentelemetry-instrumentation-base (0.26.0)
      opentelemetry-api (~> 1.7)
      opentelemetry-common (~> 0.21)
      opentelemetry-registry (~> 0.1)
    opentelemetry-registry (0.5.0)
      opentelemetry-api (~> 1.1)
    opentelemetry-sdk (1.11.0)
      logger
      opentelemetry-api (~> 1.1)
      opentelemetry-common (~> 0.20)
      opentelemetry-registry (~> 0.2)
      opentelemetry-semantic_conventions
    opentelemetry-semantic_conventions (1.37.0)
      opentelemetry-api (~> 1.0)
    rake (13.4.2)
    rexml (3.4.4)

PLATFORMS
  aarch64-linux-gnu
  aarch64-linux-musl
  arm64-darwin
  ruby
  x86-linux-gnu
  x86-linux-musl
  x86_64-darwin
  x86_64-linux-gnu
  x86_64-linux-musl

DEPENDENCIES
  aws-sdk-s3 (~> 1)
  opentelemetry-exporter-otlp
  opentelemetry-instrumentation-aws_lambda
  opentelemetry-instrumentation-aws_sdk
  opentelemetry-sdk
  rexml

CHECKSUMS
  aws-eventstream (1.4.0) sha256=116bf85c436200d1060811e6f5d2d40c88f65448f2125bc77ffce5121e6e183b
  aws-partitions (1.1240.0) sha256=b885b21712fdad699c56a28434756ed27f1389b07231320796dda9e7551de4a7
  aws-sdk-core (3.245.0) sha256=94f43b40508c346f1625b3d31f811c5841b667c92de14d5fb3c473b1284cb4ad
  aws-sdk-kms (1.123.0) sha256=d405f37e82f8fa32045ca8980be266c0b45b37aaf2012afe0254321a1e811f20
  aws-sdk-s3 (1.220.0) sha256=237fda5e6ac7ecdd9c848e27187bfdc370edad5c5a141aeec389fb450fa28c7c
  aws-sigv4 (1.12.1) sha256=6973ff95cb0fd0dc58ba26e90e9510a2219525d07620c8babeb70ef831826c00
  base64 (0.3.0) sha256=27337aeabad6ffae05c265c450490628ef3ebd4b67be58257393227588f5a97b
  bigdecimal (4.1.2) sha256=53d217666027eab4280346fba98e7d5b66baaae1b9c3c1c0ffe89d48188a3fbd
  google-protobuf (4.34.1) sha256=347181542b8d659c60f028fa3791c9cccce651a91ad27782dbc5c5e374796cdc
  google-protobuf (4.34.1-aarch64-linux-gnu) sha256=f9c07607dc139c895f2792a7740fcd01cd94d4d7b0e0a939045b50d7999f0b1d
  google-protobuf (4.34.1-aarch64-linux-musl) sha256=db58e5a4a492b43c6614486aea31b7fb86955b175d1d48f28ebf388f058d78a9
  google-protobuf (4.34.1-arm64-darwin) sha256=2745061f973119e6e7f3c81a0c77025d291a3caa6585a2cd24a25bbc7bedb267
  google-protobuf (4.34.1-x86-linux-gnu) sha256=b6da7891fe96b13038e5435d8ac8b8a84d78a468147a48a377fe8da40aba1c88
  google-protobuf (4.34.1-x86-linux-musl) sha256=ea0f453e78f4c30d0d9dbaa8cf9b33d2a1ea04ab2cad2c2a07e479411c05f1a9
  google-protobuf (4.34.1-x86_64-darwin) sha256=4dc498376e218871613589c4d872400d42ad9ae0c700bdb2606fe1c77a593075
  google-protobuf (4.34.1-x86_64-linux-gnu) sha256=87088c9fd8e47b5b40ca498fc1195add6149e941ff7e81c532a5b0b8876d4cc9
  google-protobuf (4.34.1-x86_64-linux-musl) sha256=8c0e91436fbe504ffc64f0bd621f2e69adbcce8ed2c58439d7a21117069cfdd7
  googleapis-common-protos-types (1.22.0) sha256=f97492b77bd6da0018c860d5004f512fe7cd165554d7019a8f4df6a56fbfc4c7
  jmespath (1.6.2) sha256=238d774a58723d6c090494c8879b5e9918c19485f7e840f2c1c7532cf84ebcb1
  logger (1.7.0) sha256=196edec7cc44b66cfb40f9755ce11b392f21f7967696af15d274dde7edff0203
  opentelemetry-api (1.9.0) sha256=d24065dd26583babd8d498d38ea35f74dfa193fb7102512e6e161649440079fb
  opentelemetry-common (0.24.0) sha256=f1647b233b8ac667feeb74d66a65b702008d9ab55aae825c220b4fe2c14fa773
  opentelemetry-exporter-otlp (0.33.0) sha256=6e9ce38e393c7eb9aea3fb57b128174a0066767bf495f4fd9e63d7607e0b2ad3
  opentelemetry-instrumentation-aws_lambda (0.7.0) sha256=50e5a32c454f2d38ecb53cc94e77dc646b33c47294cc6e6363e7c226097fa132
  opentelemetry-instrumentation-aws_sdk (0.12.0) sha256=e2f48bf471cefe4d4bd9cfdafabffce65790b73381040e82d337933ac8bfb366
  opentelemetry-instrumentation-base (0.26.0) sha256=fdec8bff9a8de04d113bd4e8d490b17414c92d6c79dd457dfa079c97ba922be0
  opentelemetry-registry (0.5.0) sha256=726ca58ada93a23efaa5f7bb81b8ab7a8a1e14602935c9c65dfa2e597a19fb4f
  opentelemetry-sdk (1.11.0) sha256=427c6708f4732105ffa46c11afecb91807085c59e92538eaa6cf46b97b1850c6
  opentelemetry-semantic_conventions (1.37.0) sha256=1e2dc5ad649e19ba2fb0fa7c6f9303e5cdd8d3952511415cb07efe28a0f8f4c3
  rake (13.4.2) sha256=cb825b2bd5f1f8e91ca37bddb4b9aaf345551b4731da62949be002fa89283701
  rexml (3.4.4) sha256=19e0a2c3425dfbf2d4fc1189747bdb2f849b6c5e74180401b15734bc97b5d142

RUBY VERSION
  ruby 3.3.3

BUNDLED WITH
  4.0.2
