GEM
  remote: https://rubygems.org/
  specs:
    actioncable (7.1.6)
      actionpack (= 7.1.6)
      activesupport (= 7.1.6)
      nio4r (~> 2.0)
      websocket-driver (>= 0.6.1)
      zeitwerk (~> 2.6)
    actionmailbox (7.1.6)
      actionpack (= 7.1.6)
      activejob (= 7.1.6)
      activerecord (= 7.1.6)
      activestorage (= 7.1.6)
      activesupport (= 7.1.6)
      mail (>= 2.7.1)
      net-imap
      net-pop
      net-smtp
    actionmailer (7.1.6)
      actionpack (= 7.1.6)
      actionview (= 7.1.6)
      activejob (= 7.1.6)
      activesupport (= 7.1.6)
      mail (~> 2.5, >= 2.5.4)
      net-imap
      net-pop
      net-smtp
      rails-dom-testing (~> 2.2)
    actionpack (7.1.6)
      actionview (= 7.1.6)
      activesupport (= 7.1.6)
      cgi
      nokogiri (>= 1.8.5)
      racc
      rack (>= 2.2.4)
      rack-session (>= 1.0.1)
      rack-test (>= 0.6.3)
      rails-dom-testing (~> 2.2)
      rails-html-sanitizer (~> 1.6)
    actiontext (7.1.6)
      actionpack (= 7.1.6)
      activerecord (= 7.1.6)
      activestorage (= 7.1.6)
      activesupport (= 7.1.6)
      globalid (>= 0.6.0)
      nokogiri (>= 1.8.5)
    actionview (7.1.6)
      activesupport (= 7.1.6)
      builder (~> 3.1)
      cgi
      erubi (~> 1.11)
      rails-dom-testing (~> 2.2)
      rails-html-sanitizer (~> 1.6)
    activejob (7.1.6)
      activesupport (= 7.1.6)
      globalid (>= 0.3.6)
    activemodel (7.1.6)
      activesupport (= 7.1.6)
    activerecord (7.1.6)
      activemodel (= 7.1.6)
      activesupport (= 7.1.6)
      timeout (>= 0.4.0)
    activestorage (7.1.6)
      actionpack (= 7.1.6)
      activejob (= 7.1.6)
      activerecord (= 7.1.6)
      activesupport (= 7.1.6)
      marcel (~> 1.0)
    activesupport (7.1.6)
      base64
      benchmark (>= 0.3)
      bigdecimal
      concurrent-ruby (~> 1.0, >= 1.0.2)
      connection_pool (>= 2.2.5)
      drb
      i18n (>= 1.6, < 2)
      logger (>= 1.4.2)
      minitest (>= 5.1)
      mutex_m
      securerandom (>= 0.3)
      tzinfo (~> 2.0)
    base64 (0.3.0)
    benchmark (0.5.0)
    bigdecimal (4.1.0)
    bootsnap (1.23.0)
      msgpack (~> 1.2)
    builder (3.3.0)
    cgi (0.5.1)
    concurrent-ruby (1.3.6)
    connection_pool (3.0.2)
    crass (1.0.6)
    date (3.5.1)
    dotenv (3.2.0)
    dotenv-rails (3.2.0)
      dotenv (= 3.2.0)
      railties (>= 6.1)
    drb (2.2.3)
    erb (6.0.2)
    erubi (1.13.1)
    globalid (1.3.0)
      activesupport (>= 6.1)
    google-protobuf (4.34.1)
      bigdecimal
      rake (~> 13.3)
    google-protobuf (4.34.1-aarch64-linux-gnu)
      bigdecimal
      rake (~> 13.3)
    google-protobuf (4.34.1-aarch64-linux-musl)
      bigdecimal
      rake (~> 13.3)
    google-protobuf (4.34.1-arm64-darwin)
      bigdecimal
      rake (~> 13.3)
    google-protobuf (4.34.1-x86_64-darwin)
      bigdecimal
      rake (~> 13.3)
    google-protobuf (4.34.1-x86_64-linux-gnu)
      bigdecimal
      rake (~> 13.3)
    google-protobuf (4.34.1-x86_64-linux-musl)
      bigdecimal
      rake (~> 13.3)
    googleapis-common-protos-types (1.22.0)
      google-protobuf (~> 4.26)
    i18n (1.14.8)
      concurrent-ruby (~> 1.0)
    io-console (0.8.2)
    irb (1.17.0)
      pp (>= 0.6.0)
      prism (>= 1.3.0)
      rdoc (>= 4.0.0)
      reline (>= 0.4.2)
    logger (1.7.0)
    loofah (2.25.1)
      crass (~> 1.0.2)
      nokogiri (>= 1.12.0)
    mail (2.9.0)
      logger
      mini_mime (>= 0.1.1)
      net-imap
      net-pop
      net-smtp
    marcel (1.1.0)
    mini_mime (1.1.5)
    minitest (6.0.2)
      drb (~> 2.0)
      prism (~> 1.5)
    msgpack (1.8.0)
    mutex_m (0.3.0)
    net-imap (0.6.3)
      date
      net-protocol
    net-pop (0.1.2)
      net-protocol
    net-protocol (0.2.2)
      timeout
    net-smtp (0.5.1)
      net-protocol
    nio4r (2.7.5)
    nokogiri (1.19.2-aarch64-linux-gnu)
      racc (~> 1.4)
    nokogiri (1.19.2-aarch64-linux-musl)
      racc (~> 1.4)
    nokogiri (1.19.2-arm-linux-gnu)
      racc (~> 1.4)
    nokogiri (1.19.2-arm-linux-musl)
      racc (~> 1.4)
    nokogiri (1.19.2-arm64-darwin)
      racc (~> 1.4)
    nokogiri (1.19.2-x86_64-darwin)
      racc (~> 1.4)
    nokogiri (1.19.2-x86_64-linux-gnu)
      racc (~> 1.4)
    nokogiri (1.19.2-x86_64-linux-musl)
      racc (~> 1.4)
    opentelemetry-api (1.8.0)
      logger
    opentelemetry-common (0.23.0)
      opentelemetry-api (~> 1.0)
    opentelemetry-exporter-otlp (0.32.0)
      google-protobuf (>= 3.18)
      googleapis-common-protos-types (~> 1.3)
      opentelemetry-api (~> 1.1)
      opentelemetry-common (~> 0.20)
      opentelemetry-sdk (~> 1.10)
      opentelemetry-semantic_conventions
    opentelemetry-exporter-otlp-logs (0.3.0)
      google-protobuf (>= 3.18)
      googleapis-common-protos-types (~> 1.3)
      opentelemetry-api (~> 1.1)
      opentelemetry-common (~> 0.20)
      opentelemetry-logs-api (~> 0.1)
      opentelemetry-logs-sdk (~> 0.1)
      opentelemetry-sdk
      opentelemetry-semantic_conventions
    opentelemetry-helpers-mysql (0.5.0)
      opentelemetry-api (~> 1.7)
      opentelemetry-common (~> 0.21)
    opentelemetry-helpers-sql (0.3.0)
      opentelemetry-api (~> 1.7)
    opentelemetry-helpers-sql-processor (0.4.0)
      opentelemetry-api (~> 1.0)
      opentelemetry-common (~> 0.21)
    opentelemetry-instrumentation-action_mailer (0.6.1)
      opentelemetry-instrumentation-active_support (~> 0.10)
    opentelemetry-instrumentation-action_pack (0.16.0)
      opentelemetry-instrumentation-rack (~> 0.29)
    opentelemetry-instrumentation-action_view (0.11.2)
      opentelemetry-instrumentation-active_support (~> 0.10)
    opentelemetry-instrumentation-active_job (0.10.1)
      opentelemetry-instrumentation-base (~> 0.25)
    opentelemetry-instrumentation-active_model_serializers (0.24.0)
      opentelemetry-instrumentation-active_support (>= 0.7.0)
    opentelemetry-instrumentation-active_record (0.11.1)
      opentelemetry-instrumentation-base (~> 0.25)
    opentelemetry-instrumentation-active_storage (0.3.1)
      opentelemetry-instrumentation-active_support (~> 0.10)
    opentelemetry-instrumentation-active_support (0.10.1)
      opentelemetry-instrumentation-base (~> 0.25)
    opentelemetry-instrumentation-all (0.91.0)
      opentelemetry-instrumentation-active_model_serializers (~> 0.24.0)
      opentelemetry-instrumentation-anthropic (~> 0.4.0)
      opentelemetry-instrumentation-aws_lambda (~> 0.6.0)
      opentelemetry-instrumentation-aws_sdk (~> 0.11.0)
      opentelemetry-instrumentation-bunny (~> 0.24.0)
      opentelemetry-instrumentation-concurrent_ruby (~> 0.24.0)
      opentelemetry-instrumentation-dalli (~> 0.29.2)
      opentelemetry-instrumentation-delayed_job (~> 0.25.1)
      opentelemetry-instrumentation-ethon (~> 0.28.0)
      opentelemetry-instrumentation-excon (~> 0.28.0)
      opentelemetry-instrumentation-faraday (~> 0.32.0)
      opentelemetry-instrumentation-grape (~> 0.6.0)
      opentelemetry-instrumentation-graphql (~> 0.31.2)
      opentelemetry-instrumentation-grpc (~> 0.4.1)
      opentelemetry-instrumentation-gruf (~> 0.5.0)
      opentelemetry-instrumentation-http (~> 0.29.0)
      opentelemetry-instrumentation-http_client (~> 0.28.0)
      opentelemetry-instrumentation-httpx (~> 0.7.0)
      opentelemetry-instrumentation-koala (~> 0.23.0)
      opentelemetry-instrumentation-lmdb (~> 0.25.0)
      opentelemetry-instrumentation-mongo (~> 0.25.0)
      opentelemetry-instrumentation-mysql2 (~> 0.33.0)
      opentelemetry-instrumentation-net_http (~> 0.28.0)
      opentelemetry-instrumentation-pg (~> 0.35.0)
      opentelemetry-instrumentation-que (~> 0.12.0)
      opentelemetry-instrumentation-racecar (~> 0.6.1)
      opentelemetry-instrumentation-rack (~> 0.30.0)
      opentelemetry-instrumentation-rails (~> 0.40.0)
      opentelemetry-instrumentation-rake (~> 0.5.0)
      opentelemetry-instrumentation-rdkafka (~> 0.9.0)
      opentelemetry-instrumentation-redis (~> 0.28.0)
      opentelemetry-instrumentation-resque (~> 0.8.0)
      opentelemetry-instrumentation-restclient (~> 0.27.0)
      opentelemetry-instrumentation-ruby_kafka (~> 0.24.0)
      opentelemetry-instrumentation-sidekiq (~> 0.28.1)
      opentelemetry-instrumentation-sinatra (~> 0.29.0)
      opentelemetry-instrumentation-trilogy (~> 0.67.0)
    opentelemetry-instrumentation-anthropic (0.4.0)
      opentelemetry-instrumentation-base (~> 0.25)
    opentelemetry-instrumentation-aws_lambda (0.6.0)
      opentelemetry-instrumentation-base (~> 0.25)
    opentelemetry-instrumentation-aws_sdk (0.11.0)
      opentelemetry-instrumentation-base (~> 0.25)
    opentelemetry-instrumentation-base (0.25.0)
      opentelemetry-api (~> 1.7)
      opentelemetry-common (~> 0.21)
      opentelemetry-registry (~> 0.1)
    opentelemetry-instrumentation-bunny (0.24.0)
      opentelemetry-instrumentation-base (~> 0.25)
    opentelemetry-instrumentation-concurrent_ruby (0.24.0)
      opentelemetry-instrumentation-base (~> 0.25)
    opentelemetry-instrumentation-dalli (0.29.2)
      opentelemetry-instrumentation-base (~> 0.25)
    opentelemetry-instrumentation-delayed_job (0.25.1)
      opentelemetry-instrumentation-base (~> 0.25)
    opentelemetry-instrumentation-ethon (0.28.0)
      opentelemetry-instrumentation-base (~> 0.25)
    opentelemetry-instrumentation-excon (0.28.0)
      opentelemetry-instrumentation-base (~> 0.25)
    opentelemetry-instrumentation-faraday (0.32.0)
      opentelemetry-instrumentation-base (~> 0.25)
    opentelemetry-instrumentation-grape (0.6.0)
      opentelemetry-instrumentation-rack (~> 0.29)
    opentelemetry-instrumentation-graphql (0.31.2)
      opentelemetry-instrumentation-base (~> 0.25)
    opentelemetry-instrumentation-grpc (0.4.1)
      opentelemetry-instrumentation-base (~> 0.25)
    opentelemetry-instrumentation-gruf (0.5.0)
      opentelemetry-instrumentation-base (~> 0.25)
    opentelemetry-instrumentation-http (0.29.0)
      opentelemetry-instrumentation-base (~> 0.25)
    opentelemetry-instrumentation-http_client (0.28.0)
      opentelemetry-instrumentation-base (~> 0.25)
    opentelemetry-instrumentation-httpx (0.7.0)
      opentelemetry-instrumentation-base (~> 0.25)
    opentelemetry-instrumentation-koala (0.23.0)
      opentelemetry-instrumentation-base (~> 0.25)
    opentelemetry-instrumentation-lmdb (0.25.0)
      opentelemetry-instrumentation-base (~> 0.25)
    opentelemetry-instrumentation-mongo (0.25.1)
      opentelemetry-instrumentation-base (~> 0.25)
    opentelemetry-instrumentation-mysql2 (0.33.0)
      opentelemetry-helpers-mysql
      opentelemetry-helpers-sql
      opentelemetry-helpers-sql-processor
      opentelemetry-instrumentation-base (~> 0.25)
    opentelemetry-instrumentation-net_http (0.28.0)
      opentelemetry-instrumentation-base (~> 0.25)
    opentelemetry-instrumentation-pg (0.35.0)
      opentelemetry-helpers-sql
      opentelemetry-helpers-sql-processor
      opentelemetry-instrumentation-base (~> 0.25)
    opentelemetry-instrumentation-que (0.12.0)
      opentelemetry-instrumentation-base (~> 0.25)
    opentelemetry-instrumentation-racecar (0.6.1)
      opentelemetry-instrumentation-base (~> 0.25)
    opentelemetry-instrumentation-rack (0.30.0)
      opentelemetry-instrumentation-base (~> 0.25)
    opentelemetry-instrumentation-rails (0.40.0)
      opentelemetry-instrumentation-action_mailer (~> 0.6)
      opentelemetry-instrumentation-action_pack (~> 0.15)
      opentelemetry-instrumentation-action_view (~> 0.11)
      opentelemetry-instrumentation-active_job (~> 0.10)
      opentelemetry-instrumentation-active_record (~> 0.11)
      opentelemetry-instrumentation-active_storage (~> 0.3)
      opentelemetry-instrumentation-active_support (~> 0.10)
      opentelemetry-instrumentation-concurrent_ruby (~> 0.23)
    opentelemetry-instrumentation-rake (0.5.0)
      opentelemetry-instrumentation-base (~> 0.25)
    opentelemetry-instrumentation-rdkafka (0.9.0)
      opentelemetry-instrumentation-base (~> 0.25)
    opentelemetry-instrumentation-redis (0.28.0)
      opentelemetry-instrumentation-base (~> 0.25)
    opentelemetry-instrumentation-resque (0.8.0)
      opentelemetry-instrumentation-base (~> 0.25)
    opentelemetry-instrumentation-restclient (0.27.0)
      opentelemetry-instrumentation-base (~> 0.25)
    opentelemetry-instrumentation-ruby_kafka (0.24.0)
      opentelemetry-instrumentation-base (~> 0.25)
    opentelemetry-instrumentation-sidekiq (0.28.1)
      opentelemetry-instrumentation-base (~> 0.25)
    opentelemetry-instrumentation-sinatra (0.29.0)
      opentelemetry-instrumentation-rack (~> 0.29)
    opentelemetry-instrumentation-trilogy (0.67.0)
      opentelemetry-helpers-mysql
      opentelemetry-helpers-sql
      opentelemetry-helpers-sql-processor
      opentelemetry-instrumentation-base (~> 0.25)
      opentelemetry-semantic_conventions (>= 1.8.0)
    opentelemetry-logs-api (0.2.0)
      opentelemetry-api (~> 1.0)
    opentelemetry-logs-sdk (0.4.0)
      opentelemetry-api (~> 1.2)
      opentelemetry-logs-api (~> 0.1)
      opentelemetry-sdk (~> 1.3)
    opentelemetry-registry (0.4.0)
      opentelemetry-api (~> 1.1)
    opentelemetry-sdk (1.10.0)
      opentelemetry-api (~> 1.1)
      opentelemetry-common (~> 0.20)
      opentelemetry-registry (~> 0.2)
      opentelemetry-semantic_conventions
    opentelemetry-semantic_conventions (1.36.0)
      opentelemetry-api (~> 1.0)
    pp (0.6.3)
      prettyprint
    prettyprint (0.2.0)
    prism (1.9.0)
    psych (5.3.1)
      date
      stringio
    puma (7.2.0)
      nio4r (~> 2.0)
    racc (1.8.1)
    rack (3.2.5)
    rack-cors (3.0.0)
      logger
      rack (>= 3.0.14)
    rack-session (2.1.1)
      base64 (>= 0.1.0)
      rack (>= 3.0.0)
    rack-test (2.2.0)
      rack (>= 1.3)
    rackup (2.3.1)
      rack (>= 3)
    rails (7.1.6)
      actioncable (= 7.1.6)
      actionmailbox (= 7.1.6)
      actionmailer (= 7.1.6)
      actionpack (= 7.1.6)
      actiontext (= 7.1.6)
      actionview (= 7.1.6)
      activejob (= 7.1.6)
      activemodel (= 7.1.6)
      activerecord (= 7.1.6)
      activestorage (= 7.1.6)
      activesupport (= 7.1.6)
      bundler (>= 1.15.0)
      railties (= 7.1.6)
    rails-dom-testing (2.3.0)
      activesupport (>= 5.0.0)
      minitest
      nokogiri (>= 1.6)
    rails-html-sanitizer (1.7.0)
      loofah (~> 2.25)
      nokogiri (>= 1.15.7, != 1.16.7, != 1.16.6, != 1.16.5, != 1.16.4, != 1.16.3, != 1.16.2, != 1.16.1, != 1.16.0.rc1, != 1.16.0)
    railties (7.1.6)
      actionpack (= 7.1.6)
      activesupport (= 7.1.6)
      cgi
      irb
      rackup (>= 1.0.0)
      rake (>= 12.2)
      thor (~> 1.0, >= 1.2.2)
      tsort (>= 0.2)
      zeitwerk (~> 2.6)
    rake (13.3.1)
    rdoc (7.2.0)
      erb
      psych (>= 4.0.0)
      tsort
    reline (0.6.3)
      io-console (~> 0.5)
    securerandom (0.4.1)
    stringio (3.2.0)
    stripe (13.5.1)
    thor (1.5.0)
    timeout (0.6.1)
    tsort (0.2.0)
    tzinfo (2.0.6)
      concurrent-ruby (~> 1.0)
    websocket-driver (0.8.0)
      base64
      websocket-extensions (>= 0.1.0)
    websocket-extensions (0.1.5)
    zeitwerk (2.7.5)

PLATFORMS
  aarch64-linux-gnu
  aarch64-linux-musl
  arm-linux-gnu
  arm-linux-musl
  arm64-darwin
  x86_64-darwin
  x86_64-linux-gnu
  x86_64-linux-musl

DEPENDENCIES
  bootsnap
  dotenv-rails
  opentelemetry-exporter-otlp
  opentelemetry-exporter-otlp-logs
  opentelemetry-instrumentation-all
  opentelemetry-logs-sdk
  opentelemetry-sdk
  puma (>= 5.0)
  rack-cors
  rails (~> 7.1.3)
  stripe (~> 13.0)
  tzinfo-data

CHECKSUMS
  actioncable (7.1.6) sha256=ad428d5f0a810452160820ae3cf3d9d68d8f59e7c76de3bd1f1de2a5ad03c3da
  actionmailbox (7.1.6) sha256=ded958ad8ec147a5f14555833541f07063af188777b09b50cfeeaa623bc2f731
  actionmailer (7.1.6) sha256=b07f6420ec66bd299a9da5a35c075849fbd5504e82793301b0c275fa4211d273
  actionpack (7.1.6) sha256=3fa42da36fdcfc3690a711ed35ac5d527b87d3d676f8d111238aa399151203eb
  actiontext (7.1.6) sha256=79d657422dd67cc8cb46866a7bec9d89ec8699f7fa5647c0eab3472dc0297e66
  actionview (7.1.6) sha256=11147d81f90465ae062b2a77805c6f8f446e044e309c51bd9449bdbd43edf566
  activejob (7.1.6) sha256=0dd9cd051d494608349dd9223a3e61c3933250db77e35ab6617c26c1d52dccbb
  activemodel (7.1.6) sha256=f72f510018a560b5969e3ffc88214441ff09eed60b310feba678a597b2a2e721
  activerecord (7.1.6) sha256=1aa298cd7fc97ed8639ebb05a46bd17243a1218d89945bdc2bac1e61e673f079
  activestorage (7.1.6) sha256=2f1acb8e6592ba783d9cbc3da93ac4477d441dffc5d533ceccbbfab39f4bf398
  activesupport (7.1.6) sha256=7f12140a813b1c4922a322663e547129aef1840fc512fa262378f6d7e7fd3a7c
  base64 (0.3.0) sha256=27337aeabad6ffae05c265c450490628ef3ebd4b67be58257393227588f5a97b
  benchmark (0.5.0) sha256=465df122341aedcb81a2a24b4d3bd19b6c67c1530713fd533f3ff034e419236c
  bigdecimal (4.1.0) sha256=6dc07767aa3dc456ccd48e7ae70a07b474e9afd7c5bc576f80bd6da5c8dd6cae
  bootsnap (1.23.0) sha256=c1254f458d58558b58be0f8eb8f6eec2821456785b7cdd1e16248e2020d3f214
  builder (3.3.0) sha256=497918d2f9dca528fdca4b88d84e4ef4387256d984b8154e9d5d3fe5a9c8835f
  cgi (0.5.1) sha256=e93fcafc69b8a934fe1e6146121fa35430efa8b4a4047c4893764067036f18e9
  concurrent-ruby (1.3.6) sha256=6b56837e1e7e5292f9864f34b69c5a2cbc75c0cf5338f1ce9903d10fa762d5ab
  connection_pool (3.0.2) sha256=33fff5ba71a12d2aa26cb72b1db8bba2a1a01823559fb01d29eb74c286e62e0a
  crass (1.0.6) sha256=dc516022a56e7b3b156099abc81b6d2b08ea1ed12676ac7a5657617f012bd45d
  date (3.5.1) sha256=750d06384d7b9c15d562c76291407d89e368dda4d4fff957eb94962d325a0dc0
  dotenv (3.2.0) sha256=e375b83121ea7ca4ce20f214740076129ab8514cd81378161f11c03853fe619d
  dotenv-rails (3.2.0) sha256=657e25554ba622ffc95d8c4f1670286510f47f2edda9f68293c3f661b303beab
  drb (2.2.3) sha256=0b00d6fdb50995fe4a45dea13663493c841112e4068656854646f418fda13373
  erb (6.0.2) sha256=9fe6264d44f79422c87490a1558479bd0e7dad4dd0e317656e67ea3077b5242b
  erubi (1.13.1) sha256=a082103b0885dbc5ecf1172fede897f9ebdb745a4b97a5e8dc63953db1ee4ad9
  globalid (1.3.0) sha256=05c639ad6eb4594522a0b07983022f04aa7254626ab69445a0e493aa3786ff11
  google-protobuf (4.34.1) sha256=347181542b8d659c60f028fa3791c9cccce651a91ad27782dbc5c5e374796cdc
  google-protobuf (4.34.1-aarch64-linux-gnu) sha256=f9c07607dc139c895f2792a7740fcd01cd94d4d7b0e0a939045b50d7999f0b1d
  google-protobuf (4.34.1-aarch64-linux-musl) sha256=db58e5a4a492b43c6614486aea31b7fb86955b175d1d48f28ebf388f058d78a9
  google-protobuf (4.34.1-arm64-darwin) sha256=2745061f973119e6e7f3c81a0c77025d291a3caa6585a2cd24a25bbc7bedb267
  google-protobuf (4.34.1-x86_64-darwin) sha256=4dc498376e218871613589c4d872400d42ad9ae0c700bdb2606fe1c77a593075
  google-protobuf (4.34.1-x86_64-linux-gnu) sha256=87088c9fd8e47b5b40ca498fc1195add6149e941ff7e81c532a5b0b8876d4cc9
  google-protobuf (4.34.1-x86_64-linux-musl) sha256=8c0e91436fbe504ffc64f0bd621f2e69adbcce8ed2c58439d7a21117069cfdd7
  googleapis-common-protos-types (1.22.0) sha256=f97492b77bd6da0018c860d5004f512fe7cd165554d7019a8f4df6a56fbfc4c7
  i18n (1.14.8) sha256=285778639134865c5e0f6269e0b818256017e8cde89993fdfcbfb64d088824a5
  io-console (0.8.2) sha256=d6e3ae7a7cc7574f4b8893b4fca2162e57a825b223a177b7afa236c5ef9814cc
  irb (1.17.0) sha256=168c4ddb93d8a361a045c41d92b2952c7a118fa73f23fe14e55609eb7a863aae
  logger (1.7.0) sha256=196edec7cc44b66cfb40f9755ce11b392f21f7967696af15d274dde7edff0203
  loofah (2.25.1) sha256=d436c73dbd0c1147b16c4a41db097942d217303e1f7728704b37e4df9f6d2e04
  mail (2.9.0) sha256=6fa6673ecd71c60c2d996260f9ee3dd387d4673b8169b502134659ece6d34941
  marcel (1.1.0) sha256=fdcfcfa33cc52e93c4308d40e4090a5d4ea279e160a7f6af988260fa970e0bee
  mini_mime (1.1.5) sha256=8681b7e2e4215f2a159f9400b5816d85e9d8c6c6b491e96a12797e798f8bccef
  minitest (6.0.2) sha256=db6e57956f6ecc6134683b4c87467d6dd792323c7f0eea7b93f66bd284adbc3d
  msgpack (1.8.0) sha256=e64ce0212000d016809f5048b48eb3a65ffb169db22238fb4b72472fecb2d732
  mutex_m (0.3.0) sha256=cfcb04ac16b69c4813777022fdceda24e9f798e48092a2b817eb4c0a782b0751
  net-imap (0.6.3) sha256=9bab75f876596d09ee7bf911a291da478e0cd6badc54dfb82874855ccc82f2ad
  net-pop (0.1.2) sha256=848b4e982013c15b2f0382792268763b748cce91c9e91e36b0f27ed26420dff3
  net-protocol (0.2.2) sha256=aa73e0cba6a125369de9837b8d8ef82a61849360eba0521900e2c3713aa162a8
  net-smtp (0.5.1) sha256=ed96a0af63c524fceb4b29b0d352195c30d82dd916a42f03c62a3a70e5b70736
  nio4r (2.7.5) sha256=6c90168e48fb5f8e768419c93abb94ba2b892a1d0602cb06eef16d8b7df1dca1
  nokogiri (1.19.2-aarch64-linux-gnu) sha256=c34d5c8208025587554608e98fd88ab125b29c80f9352b821964e9a5d5cfbd19
  nokogiri (1.19.2-aarch64-linux-musl) sha256=7f6b4b0202d507326841a4f790294bf75098aef50c7173443812e3ac5cb06515
  nokogiri (1.19.2-arm-linux-gnu) sha256=b7fa1139016f3dc850bda1260988f0d749934a939d04ef2da13bec060d7d5081
  nokogiri (1.19.2-arm-linux-musl) sha256=61114d44f6742ff72194a1b3020967201e2eb982814778d130f6471c11f9828c
  nokogiri (1.19.2-arm64-darwin) sha256=58d8ea2e31a967b843b70487a44c14c8ba1866daa1b9da9be9dbdf1b43dee205
  nokogiri (1.19.2-x86_64-darwin) sha256=7d9af11fda72dfaa2961d8c4d5380ca0b51bc389dc5f8d4b859b9644f195e7a4
  nokogiri (1.19.2-x86_64-linux-gnu) sha256=fa8feca882b73e871a9845f3817a72e9734c8e974bdc4fbad6e4bc6e8076b94f
  nokogiri (1.19.2-x86_64-linux-musl) sha256=93128448e61a9383a30baef041bf1f5817e22f297a1d400521e90294445069a8
  opentelemetry-api (1.8.0) sha256=3af51183daf0f56a164bc1579782245be70a40678566b9a393cbe5af28ea87c6
  opentelemetry-common (0.23.0) sha256=da721190479d57bae0ad2207468f47f3e2c3b9a91024b5bc32c9d280183eb32c
  opentelemetry-exporter-otlp (0.32.0) sha256=fd4c77a07bb96919e8ff8bbd19ed96d07cac1e368d8e920af2bf2ab02bfb1ec3
  opentelemetry-exporter-otlp-logs (0.3.0) sha256=10ae6d32ebf44f546193811ab3e069f2dba64ec83475b6a0f57128e4c73ca6b1
  opentelemetry-helpers-mysql (0.5.0) sha256=8c2a5d5428aec271a7d2e25c158d06d4d8a914143b5004305964d1fcbc176eca
  opentelemetry-helpers-sql (0.3.0) sha256=4bb08017d6a16dd41c4d1c53c7fd30f9c5bb691195d8b458933724627b3f37f9
  opentelemetry-helpers-sql-processor (0.4.0) sha256=ec238d7a2887219bd247dc31d0eb8a1a03d414a899963b68e14bb9f4d18b23f4
  opentelemetry-instrumentation-action_mailer (0.6.1) sha256=8384866bdb066ae14b9a1fe686ffaf1f23468326a35af64390c0395fcd471057
  opentelemetry-instrumentation-action_pack (0.16.0) sha256=f4d54806b96dff89af31fb971fe5b1f79dd41fcc46489ed7c5340a47ee12a7f9
  opentelemetry-instrumentation-action_view (0.11.2) sha256=e6a099015d672dabc19993d6fca99ef1e7210361ef21549a6e2076a67719fafc
  opentelemetry-instrumentation-active_job (0.10.1) sha256=aea1311224c20d064a8f218a44299171152dc36eeb531b9eba84bed8b3942a89
  opentelemetry-instrumentation-active_model_serializers (0.24.0) sha256=8fe81e44167d17e45d9acfa588d20140c7640c323e58aca99e266de1bb3fce15
  opentelemetry-instrumentation-active_record (0.11.1) sha256=1b083f34eea0449f8d6f4370b3fb4b935757fac6e4e538e67bb98211809e7c92
  opentelemetry-instrumentation-active_storage (0.3.1) sha256=f89b0fef54921f17c0c4c38a6e0926d29afabd0ac98436fcdbb8bde85dfde89e
  opentelemetry-instrumentation-active_support (0.10.1) sha256=82ea98367158797e33c6de96581f10aa4fe8adf0ebec832dcff5fd04c59bc57d
  opentelemetry-instrumentation-all (0.91.0) sha256=b077ce47da94e70e167157206034405f37ed0a4641d12ca8180a4b655c5727e2
  opentelemetry-instrumentation-anthropic (0.4.0) sha256=0040e0d97e9a66ef32cc35612ff28d7310d4ec1cd2f949805a2017f00f4d2de0
  opentelemetry-instrumentation-aws_lambda (0.6.0) sha256=1a3161393cfe9bc9eddd81a0668d076c38a0a2c3d5df40e95d02f5a8fcd3334c
  opentelemetry-instrumentation-aws_sdk (0.11.0) sha256=67a21e754ddf51e2bb8c3e46e116aa9158d8db800f34c2a9b1e0da5a6ca911e3
  opentelemetry-instrumentation-base (0.25.0) sha256=642a3a7f08354e6e969423327a4fa67ed2cca7ac6fe5ee09e55b17d1c576da27
  opentelemetry-instrumentation-bunny (0.24.0) sha256=1ec484e48a5f42a1d0c33e8e6bc7e9e78dd80f3ed9d63520b8a22ba564aa2585
  opentelemetry-instrumentation-concurrent_ruby (0.24.0) sha256=229bd8b72000c59de693609bb637b8a9114992f5e0ab03730d7fd7ef91f7d1d2
  opentelemetry-instrumentation-dalli (0.29.2) sha256=21b82772ced1529288c7f08285d44d5690de11f3d275e24558a062f39a270f4f
  opentelemetry-instrumentation-delayed_job (0.25.1) sha256=47f35b10d2bfd9ac7c2bbbe10dea095a2e25db2a84f5351860ead969d180c3ec
  opentelemetry-instrumentation-ethon (0.28.0) sha256=5ab5eb0733fec27300047f1f0906453171732c663d0484968ce0582026256b2d
  opentelemetry-instrumentation-excon (0.28.0) sha256=00bfd0bce489d5f924ab81c440098e99b6e4234f8968f942ce0753e2a326b99b
  opentelemetry-instrumentation-faraday (0.32.0) sha256=21f78858c4d8986a9b89a330bc1f6ef03007d6893d009865b4539269f686cdfd
  opentelemetry-instrumentation-grape (0.6.0) sha256=bc6f0ac3416b42bf096032ab79193326d6b50b12e8ccbcf028a78a4df492d057
  opentelemetry-instrumentation-graphql (0.31.2) sha256=a4455f225427f8f9058247c8c0b351b8932567913c35ef049f7958801d401b1f
  opentelemetry-instrumentation-grpc (0.4.1) sha256=5ffa2bb1d5ec69bcd1fe23e1d8c1a563a00351ce052fe9d76885cc43f21ebc87
  opentelemetry-instrumentation-gruf (0.5.0) sha256=ee21be36e312e71b847c9a87168225625890121140a364b68d3668e0df58dacd
  opentelemetry-instrumentation-http (0.29.0) sha256=c2981f22dac791f1768595c08b5338d29ad57bd98e23e9a2c0df7a1dc54122f1
  opentelemetry-instrumentation-http_client (0.28.0) sha256=f6dadfed166d75d5632ae0b3521ed6a491080972923031489b85711e6d58fcb8
  opentelemetry-instrumentation-httpx (0.7.0) sha256=3928185b62066cf6d8fe3b011dc5587ba53b09a5c7b573e36481b8d713d6aa03
  opentelemetry-instrumentation-koala (0.23.0) sha256=8f324b50a2a64fd4994bb2b105a4cb0c80b64ec05cf5487d2daa906c650bc6f9
  opentelemetry-instrumentation-lmdb (0.25.0) sha256=1e4d66d583ea242d4f72051062971f5af1ea353484d224abbd0aabdd1ce5f5cb
  opentelemetry-instrumentation-mongo (0.25.1) sha256=b66a8544bb0c60ab032ecd224333d50138f2b280d2d394c508d2ff8ca3fb94b9
  opentelemetry-instrumentation-mysql2 (0.33.0) sha256=b49b7957d5eef59e046e73be3ca370518965d61495745b4cb7ece3ef5470bcf9
  opentelemetry-instrumentation-net_http (0.28.0) sha256=63b00c1c8fcfba15cd293ece8383d19bbc35e9b5cc04056b3e95799be11026f5
  opentelemetry-instrumentation-pg (0.35.0) sha256=65a6e78bd45282b56021f1ee1b88b9fd318abf6812c32bd740465e6b9997aad4
  opentelemetry-instrumentation-que (0.12.0) sha256=3b7a84341f6af5a04f8c57860aeba4033f87c855d40c611a2fc40dde849944fb
  opentelemetry-instrumentation-racecar (0.6.1) sha256=833f6611906fb661f577e841d4ec52549474d32b4e8edea8048162348d35b845
  opentelemetry-instrumentation-rack (0.30.0) sha256=30a54f7b44d4b91839622a20eb0b25a7c47084b37c2b03cfc149bfc4ef62303c
  opentelemetry-instrumentation-rails (0.40.0) sha256=f794d477e8b48d9167ac1dbaf71dfc88e2a5647f76394cab7d1dfc6d5217b983
  opentelemetry-instrumentation-rake (0.5.0) sha256=fa6bd019078975ac8a67eaea06294e4fe6707e6770d8ced88d74dc573b0a01ef
  opentelemetry-instrumentation-rdkafka (0.9.0) sha256=f3beb56828c584d7d91a2c46f6e5a2ef82289b1d4445b1eb5bc13b80ab6aca89
  opentelemetry-instrumentation-redis (0.28.0) sha256=8721957d1c527dd22bd564d17f3a8db252081abb302be189511282d023693900
  opentelemetry-instrumentation-resque (0.8.0) sha256=559edde9d6273dd757ae5149ed36e26d147b63028d084121203f51c8cff805e5
  opentelemetry-instrumentation-restclient (0.27.0) sha256=1abe208f5f43eff8648fa3ec3393c021bcbf30512f0fd69e4edbe8345ac3f899
  opentelemetry-instrumentation-ruby_kafka (0.24.0) sha256=257e891f4ce630ba3e0669408d497b44afcc493cd49aed09343d5a51fa8952c2
  opentelemetry-instrumentation-sidekiq (0.28.1) sha256=abc85d62996a5362e7a9fd7af9f6c709d01ce04795514d12fee5126335ae97ae
  opentelemetry-instrumentation-sinatra (0.29.0) sha256=08595fec08d198df581d96aceb4b27998b84431e44a679950af7d00ab6559bdb
  opentelemetry-instrumentation-trilogy (0.67.0) sha256=40394d3071d92aa418ef5aedab8e74f7683c0566c285a5418f75ca0586fd025f
  opentelemetry-logs-api (0.2.0) sha256=0e9241b9b53a315101a6a5f2efbfa80278a0d39f9220915871f8d6057c39b117
  opentelemetry-logs-sdk (0.4.0) sha256=860a5a3916054bf8b37a8a0b565d7ebabc37691a7b505eb0d21b734619fe8074
  opentelemetry-registry (0.4.0) sha256=903fa6bfaa29eac1c1d73a4fdd29b850977b5353b84b8cdff11222c00ad2968f
  opentelemetry-sdk (1.10.0) sha256=43719949be8df24dcaeb86ebbf75636cda87d51a01af2729499b92a48b80521a
  opentelemetry-semantic_conventions (1.36.0) sha256=c1b1607dbc7853aac7f9e23f6e8b76969c45b07f2b812a4aa4383c19a3b0f617
  pp (0.6.3) sha256=2951d514450b93ccfeb1df7d021cae0da16e0a7f95ee1e2273719669d0ab9df6
  prettyprint (0.2.0) sha256=2bc9e15581a94742064a3cc8b0fb9d45aae3d03a1baa6ef80922627a0766f193
  prism (1.9.0) sha256=7b530c6a9f92c24300014919c9dcbc055bf4cdf51ec30aed099b06cd6674ef85
  psych (5.3.1) sha256=eb7a57cef10c9d70173ff74e739d843ac3b2c019a003de48447b2963d81b1974
  puma (7.2.0) sha256=bf8ef4ab514a4e6d4554cb4326b2004eba5036ae05cf765cfe51aba9706a72a8
  racc (1.8.1) sha256=4a7f6929691dbec8b5209a0b373bc2614882b55fc5d2e447a21aaa691303d62f
  rack (3.2.5) sha256=4cbd0974c0b79f7a139b4812004a62e4c60b145cba76422e288ee670601ed6d3
  rack-cors (3.0.0) sha256=7b95be61db39606906b61b83bd7203fa802b0ceaaad8fcb2fef39e097bf53f68
  rack-session (2.1.1) sha256=0b6dc07dea7e4b583f58a48e8b806d4c9f1c6c9214ebc202ec94562cbea2e4e9
  rack-test (2.2.0) sha256=005a36692c306ac0b4a9350355ee080fd09ddef1148a5f8b2ac636c720f5c463
  rackup (2.3.1) sha256=6c79c26753778e90983761d677a48937ee3192b3ffef6bc963c0950f94688868
  rails (7.1.6) sha256=9a0a335e510de3daad7542cd791af3d8ff710c644e1da17ed12e96d2f28a7470
  rails-dom-testing (2.3.0) sha256=8acc7953a7b911ca44588bf08737bc16719f431a1cc3091a292bca7317925c1d
  rails-html-sanitizer (1.7.0) sha256=28b145cceaf9cc214a9874feaa183c3acba036c9592b19886e0e45efc62b1e89
  railties (7.1.6) sha256=2a10e97f2eaca66d11f0fef4b1f4d826e6ee28d4cf01ff16624420dd45e7de1c
  rake (13.3.1) sha256=8c9e89d09f66a26a01264e7e3480ec0607f0c497a861ef16063604b1b08eb19c
  rdoc (7.2.0) sha256=8650f76cd4009c3b54955eb5d7e3a075c60a57276766ebf36f9085e8c9f23192
  reline (0.6.3) sha256=1198b04973565b36ec0f11542ab3f5cfeeec34823f4e54cebde90968092b1835
  securerandom (0.4.1) sha256=cc5193d414a4341b6e225f0cb4446aceca8e50d5e1888743fac16987638ea0b1
  stringio (3.2.0) sha256=c37cb2e58b4ffbd33fe5cd948c05934af997b36e0b6ca6fdf43afa234cf222e1
  stripe (13.5.1) sha256=748e22cc6d84c944135298b865763524ff1192cee8bc7fd7baa987889a018eb3
  thor (1.5.0) sha256=e3a9e55fe857e44859ce104a84675ab6e8cd59c650a49106a05f55f136425e73
  timeout (0.6.1) sha256=78f57368a7e7bbadec56971f78a3f5ecbcfb59b7fcbb0a3ed6ddc08a5094accb
  tsort (0.2.0) sha256=9650a793f6859a43b6641671278f79cfead60ac714148aabe4e3f0060480089f
  tzinfo (2.0.6) sha256=8daf828cc77bcf7d63b0e3bdb6caa47e2272dcfaf4fbfe46f8c3a9df087a829b
  websocket-driver (0.8.0) sha256=ed0dba4b943c22f17f9a734817e808bc84cdce6a7e22045f5315aa57676d4962
  websocket-extensions (0.1.5) sha256=1c6ba63092cda343eb53fc657110c71c754c56484aad42578495227d717a8241
  zeitwerk (2.7.5) sha256=d8da92128c09ea6ec62c949011b00ed4a20242b255293dd66bf41545398f73dd

RUBY VERSION
  ruby 3.3.3

BUNDLED WITH
  4.0.2
